{
  "name": "assets",
  "lockfileVersion": 3,
  "requires": true,
  "packages": {
    "": {
      "dependencies": {
        "topbar": "^2.0.2"
      },
      "devDependencies": {
        "@types/phoenix": "^1.6.4",
        "@types/phoenix_live_view": "^0.18.4",
        "typescript": "^5.4.3"
      }
    },
    "node_modules/@types/phoenix": {
      "version": "1.6.4",
      "resolved": "https://registry.npmjs.org/@types/phoenix/-/phoenix-1.6.4.tgz",
      "integrity": "sha512-B34A7uot1Cv0XtaHRYDATltAdKx0BvVKNgYNqE4WjtPUa4VQJM7kxeXcVKaH+KS+kCmZ+6w+QaUdcljiheiBJA==",
      "dev": true
    },
    "node_modules/@types/phoenix_live_view": {
      "version": "0.18.4",
      "resolved": "https://registry.npmjs.org/@types/phoenix_live_view/-/phoenix_live_view-0.18.4.tgz",
      "integrity": "sha512-9mq6zRZfCtY8f4Kiu9ca0YodlNoL5kPfz6AO8AMIylftoT59re5+l5BxPISt/NJXyj1S/gRJmwpHgyVsyEk8cg==",
      "dev": true,
      "dependencies": {
        "@types/phoenix": "*"
      }
    },
    "node_modules/topbar": {
      "version": "2.0.2",
      "resolved": "https://registry.npmjs.org/topbar/-/topbar-2.0.2.tgz",
      "integrity": "sha512-hCKoSaWxXqGIgjag8rIVajysE41as7ti5z9GDO5rcx2zmII1/rY5zvO9IgKwbf50HL82EzlimL6OmPYPUgbpEw=="
    },
    "node_modules/typescript": {
      "version": "5.4.3",
      "resolved": "https://registry.npmjs.org/typescript/-/typescript-5.4.3.tgz",
      "integrity": "sha512-KrPd3PKaCLr78MalgiwJnA25Nm8HAmdwN3mYUYZgG/wizIo9EainNVQI9/yDavtVFRN2h3k8uf3GLHuhDMgEHg==",
      "dev": true,
      "bin": {
        "tsc": "bin/tsc",
        "tsserver": "bin/tsserver"
      },
      "engines": {
        "node": ">=14.17"
      }
    }
  }
}
