{
  "name": "assets",
  "lockfileVersion": 3,
  "requires": true,
  "packages": {
    "": {
      "dependencies": {
        "@types/lodash": "^4.17.0",
        "lodash": "^4.17.21",
        "topbar": "^2.0.2"
      },
      "devDependencies": {
        "@types/phoenix": "^1.6.4",
        "@types/phoenix_live_view": "^0.18.4",
        "typescript": "^5.4.3"
      }
    },
    "node_modules/@types/lodash": {
      "version": "4.17.0",
      "resolved": "https://registry.npmjs.org/@types/lodash/-/lodash-4.17.0.tgz",
      "integrity": "sha512-t7dhREVv6dbNj0q17X12j7yDG4bD/DHYX7o5/DbDxobP0HnGPgpRz2Ej77aL7TZT3DSw13fqUTj8J4mMnqa7WA=="
    },
    "node_modules/@types/phoenix": {
      "version": "1.6.4",
      "resolved": "https://registry.npmjs.org/@types/phoenix/-/phoenix-1.6.4.tgz",
      "integrity": "sha512-B34A7uot1Cv0XtaHRYDATltAdKx0BvVKNgYNqE4WjtPUa4VQJM7kxeXcVKaH+KS+kCmZ+6w+QaUdcljiheiBJA==",
      "dev": true
    },
    "node_modules/@types/phoenix_live_view": {
      "version": "0.18.4",
      "resolved": "https://registry.npmjs.org/@types/phoenix_live_view/-/phoenix_live_view-0.18.4.tgz",
      "integrity": "sha512-9mq6zRZfCtY8f4Kiu9ca0YodlNoL5kPfz6AO8AMIylftoT59re5+l5BxPISt/NJXyj1S/gRJmwpHgyVsyEk8cg==",
      "dev": true,
      "dependencies": {
        "@types/phoenix": "*"
      }
    },
    "node_modules/lodash": {
      "version": "4.17.21",
      "resolved": "https://registry.npmjs.org/lodash/-/lodash-4.17.21.tgz",
      "integrity": "sha512-v2kDEe57lecTulaDIuNTPy3Ry4gLGJ6Z1O3vE1krgXZNrsQ+LFTGHVxVjcXPs17LhbZVGedAJv8XZ1tvj5FvSg=="
    },
    "node_modules/topbar": {
      "version": "2.0.2",
      "resolved": "https://registry.npmjs.org/topbar/-/topbar-2.0.2.tgz",
      "integrity": "sha512-hCKoSaWxXqGIgjag8rIVajysE41as7ti5z9GDO5rcx2zmII1/rY5zvO9IgKwbf50HL82EzlimL6OmPYPUgbpEw=="
    },
    "node_modules/typescript": {
      "version": "5.4.4",
      "resolved": "https://registry.npmjs.org/typescript/-/typescript-5.4.4.tgz",
      "integrity": "sha512-dGE2Vv8cpVvw28v8HCPqyb08EzbBURxDpuhJvTrusShUfGnhHBafDsLdS1EhhxyL6BJQE+2cT3dDPAv+MQ6oLw==",
      "dev": true,
      "bin": {
        "tsc": "bin/tsc",
        "tsserver": "bin/tsserver"
      },
      "engines": {
        "node": ">=14.17"
      }
    }
  }
}
